
Microsoft Visual Studio Solution File, Format Version 12.00
# Visual Studio Version 17
VisualStudioVersion = 17.8.34525.116
MinimumVisualStudioVersion = 10.0.40219.1
Project("{FAE04EC0-301F-11D3-BF4B-00C04F79EFBC}") = "PV_DS_Project", "PV_DS_Project\PV_DS_Project.csproj", "{917929F0-A6E3-432D-A588-2D9F4C5E96A7}"
EndProject
Global
	GlobalSection(SolutionConfigurationPlatforms) = preSolution
		Debug|Any CPU = Debug|Any CPU
		Release|Any CPU = Release|Any CPU
	EndGlobalSection
	GlobalSection(ProjectConfigurationPlatforms) = postSolution
		{917929F0-A6E3-432D-A588-2D9F4C5E96A7}.Debug|Any CPU.ActiveCfg = Debug|Any CPU
		{917929F0-A6E3-432D-A588-2D9F4C5E96A7}.Debug|Any CPU.Build.0 = Debug|Any CPU
		{917929F0-A6E3-432D-A588-2D9F4C5E96A7}.Release|Any CPU.ActiveCfg = Release|Any CPU
		{917929F0-A6E3-432D-A588-2D9F4C5E96A7}.Release|Any CPU.Build.0 = Release|Any CPU
	EndGlobalSection
	GlobalSection(SolutionProperties) = preSolution
		HideSolutionNode = FALSE
	EndGlobalSection
	GlobalSection(ExtensibilityGlobals) = postSolution
		SolutionGuid = {B759F327-96E6-4022-8677-BFB4BC854EE0}
	EndGlobalSection
EndGlobal
