
Microsoft Visual Studio Solution File, Format Version 12.00
# Visual Studio Version 17
VisualStudioVersion = 17.6.33829.357
MinimumVisualStudioVersion = 10.0.40219.1
Project("{FAE04EC0-301F-11D3-BF4B-00C04F79EFBC}") = "20240426", "20240426.csproj", "{C3A1AF1F-C4E5-49B5-A112-B5C585A4E04D}"
EndProject
Global
	GlobalSection(SolutionConfigurationPlatforms) = preSolution
		Debug|Any CPU = Debug|Any CPU
		Release|Any CPU = Release|Any CPU
	EndGlobalSection
	GlobalSection(ProjectConfigurationPlatforms) = postSolution
		{C3A1AF1F-C4E5-49B5-A112-B5C585A4E04D}.Debug|Any CPU.ActiveCfg = Debug|Any CPU
		{C3A1AF1F-C4E5-49B5-A112-B5C585A4E04D}.Debug|Any CPU.Build.0 = Debug|Any CPU
		{C3A1AF1F-C4E5-49B5-A112-B5C585A4E04D}.Release|Any CPU.ActiveCfg = Release|Any CPU
		{C3A1AF1F-C4E5-49B5-A112-B5C585A4E04D}.Release|Any CPU.Build.0 = Release|Any CPU
	EndGlobalSection
	GlobalSection(SolutionProperties) = preSolution
		HideSolutionNode = FALSE
	EndGlobalSection
	GlobalSection(ExtensibilityGlobals) = postSolution
		SolutionGuid = {912FB882-E51B-4824-A77E-CBC802F42931}
	EndGlobalSection
EndGlobal
